
Microsoft Visual Studio Solution File, Format Version 12.00
# Visual Studio Version 17
VisualStudioVersion = 17.3.32929.385
MinimumVisualStudioVersion = 10.0.40219.1
Project("{FAE04EC0-301F-11D3-BF4B-00C04F79EFBC}") = "Praktik W12", "Praktik W12\Praktik W12.csproj", "{BF4995DE-BDAB-4F1F-B7FA-9B1BBAD1407A}"
EndProject
Global
	GlobalSection(SolutionConfigurationPlatforms) = preSolution
		Debug|Any CPU = Debug|Any CPU
		Release|Any CPU = Release|Any CPU
	EndGlobalSection
	GlobalSection(ProjectConfigurationPlatforms) = postSolution
		{BF4995DE-BDAB-4F1F-B7FA-9B1BBAD1407A}.Debug|Any CPU.ActiveCfg = Debug|Any CPU
		{BF4995DE-BDAB-4F1F-B7FA-9B1BBAD1407A}.Debug|Any CPU.Build.0 = Debug|Any CPU
		{BF4995DE-BDAB-4F1F-B7FA-9B1BBAD1407A}.Release|Any CPU.ActiveCfg = Release|Any CPU
		{BF4995DE-BDAB-4F1F-B7FA-9B1BBAD1407A}.Release|Any CPU.Build.0 = Release|Any CPU
	EndGlobalSection
	GlobalSection(SolutionProperties) = preSolution
		HideSolutionNode = FALSE
	EndGlobalSection
	GlobalSection(ExtensibilityGlobals) = postSolution
		SolutionGuid = {BDEF8986-5F4C-4722-B6E4-D808EE049AA1}
	EndGlobalSection
EndGlobal
